
Microsoft Visual Studio Solution File, Format Version 12.00
# Visual Studio Version 16
VisualStudioVersion = 16.0.30114.105
MinimumVisualStudioVersion = 10.0.40219.1
Project("{2150E333-8FDC-42A3-9474-1A3956D46DE8}") = "src", "src", "{57FC91DB-8F24-489E-A2D6-7DDD220AE9CC}"
EndProject
Project("{2150E333-8FDC-42A3-9474-1A3956D46DE8}") = "shared", "shared", "{A5F1E6DC-81B3-4413-A4C3-B41C195228E7}"
EndProject
Project("{F2A71F9B-5D33-465A-A702-920D77279786}") = "Shared.Core", "src\shared\core\Shared.Core.fsproj", "{154D0338-AEC6-40BC-B8BD-6A28DD132AFE}"
EndProject
Project("{2150E333-8FDC-42A3-9474-1A3956D46DE8}") = "backend", "backend", "{0A6FE0D2-382D-446D-8025-13C5E1E24C9B}"
EndProject
Project("{F2A71F9B-5D33-465A-A702-920D77279786}") = "Shared.Backend.Web", "src\shared\backend\web\Shared.Backend.Web.fsproj", "{A117C29F-F1BC-4CE6-A586-8FAF942C3803}"
EndProject
Project("{2150E333-8FDC-42A3-9474-1A3956D46DE8}") = "frontend", "frontend", "{14CDD979-36D5-4A61-95EB-09DE00FC0583}"
EndProject
Project("{F2A71F9B-5D33-465A-A702-920D77279786}") = "Shared.Frontend.Web", "src\shared\frontend\web\Shared.Frontend.Web.fsproj", "{0E91C23E-2617-4447-9F67-DC085E10701D}"
EndProject
Project("{2150E333-8FDC-42A3-9474-1A3956D46DE8}") = "server", "server", "{B09D4FB5-A44F-4956-BE40-61279C0E2C42}"
EndProject
Project("{F2A71F9B-5D33-465A-A702-920D77279786}") = "Server.Api", "src\server\api\Server.Api.fsproj", "{172A0690-1165-46CE-B37E-59FED276CDC0}"
EndProject
Project("{F2A71F9B-5D33-465A-A702-920D77279786}") = "Server.Backend", "src\server\backend\Server.Backend.fsproj", "{846BC07E-2618-4424-945C-230B39CFCEE3}"
EndProject
Project("{F2A71F9B-5D33-465A-A702-920D77279786}") = "Server.Frontend", "src\server\frontend\Server.Frontend.fsproj", "{794DF344-EDD6-4862-87DB-7FBE327612BF}"
EndProject
Project("{2150E333-8FDC-42A3-9474-1A3956D46DE8}") = "plugin-lib", "plugin-lib", "{8A26309C-9C15-443A-B547-41B41B30B934}"
EndProject
Project("{2150E333-8FDC-42A3-9474-1A3956D46DE8}") = "backend", "backend", "{C769DCDB-29A9-45BD-A62D-6787716E8E39}"
EndProject
Project("{F2A71F9B-5D33-465A-A702-920D77279786}") = "PluginLib.Backend.Web", "src\plugin-lib\backend\web\PluginLib.Backend.Web.fsproj", "{B3428C0B-F751-452F-811D-01378B1E71B3}"
EndProject
Project("{2150E333-8FDC-42A3-9474-1A3956D46DE8}") = "frontend", "frontend", "{A08CD5CF-F4E9-457F-94EB-4CBB170638B1}"
EndProject
Project("{F2A71F9B-5D33-465A-A702-920D77279786}") = "PluginLib.Frontend.Web", "src\plugin-lib\frontend\web\PluginLib.Frontend.Web.fsproj", "{74641AB3-4070-4501-A8B1-A0F0FC879559}"
EndProject
Project("{F2A71F9B-5D33-465A-A702-920D77279786}") = "run", "run.fsproj", "{11132E2C-A54E-4D8E-87D9-25D4CF3BED96}"
EndProject
Global
	GlobalSection(SolutionConfigurationPlatforms) = preSolution
		Debug|Any CPU = Debug|Any CPU
		Release|Any CPU = Release|Any CPU
	EndGlobalSection
	GlobalSection(SolutionProperties) = preSolution
		HideSolutionNode = FALSE
	EndGlobalSection
	GlobalSection(ProjectConfigurationPlatforms) = postSolution
		{154D0338-AEC6-40BC-B8BD-6A28DD132AFE}.Debug|Any CPU.ActiveCfg = Debug|Any CPU
		{154D0338-AEC6-40BC-B8BD-6A28DD132AFE}.Debug|Any CPU.Build.0 = Debug|Any CPU
		{154D0338-AEC6-40BC-B8BD-6A28DD132AFE}.Release|Any CPU.ActiveCfg = Release|Any CPU
		{154D0338-AEC6-40BC-B8BD-6A28DD132AFE}.Release|Any CPU.Build.0 = Release|Any CPU
		{A117C29F-F1BC-4CE6-A586-8FAF942C3803}.Debug|Any CPU.ActiveCfg = Debug|Any CPU
		{A117C29F-F1BC-4CE6-A586-8FAF942C3803}.Debug|Any CPU.Build.0 = Debug|Any CPU
		{A117C29F-F1BC-4CE6-A586-8FAF942C3803}.Release|Any CPU.ActiveCfg = Release|Any CPU
		{A117C29F-F1BC-4CE6-A586-8FAF942C3803}.Release|Any CPU.Build.0 = Release|Any CPU
		{0E91C23E-2617-4447-9F67-DC085E10701D}.Debug|Any CPU.ActiveCfg = Debug|Any CPU
		{0E91C23E-2617-4447-9F67-DC085E10701D}.Debug|Any CPU.Build.0 = Debug|Any CPU
		{0E91C23E-2617-4447-9F67-DC085E10701D}.Release|Any CPU.ActiveCfg = Release|Any CPU
		{0E91C23E-2617-4447-9F67-DC085E10701D}.Release|Any CPU.Build.0 = Release|Any CPU
		{172A0690-1165-46CE-B37E-59FED276CDC0}.Debug|Any CPU.ActiveCfg = Debug|Any CPU
		{172A0690-1165-46CE-B37E-59FED276CDC0}.Debug|Any CPU.Build.0 = Debug|Any CPU
		{172A0690-1165-46CE-B37E-59FED276CDC0}.Release|Any CPU.ActiveCfg = Release|Any CPU
		{172A0690-1165-46CE-B37E-59FED276CDC0}.Release|Any CPU.Build.0 = Release|Any CPU
		{846BC07E-2618-4424-945C-230B39CFCEE3}.Debug|Any CPU.ActiveCfg = Debug|Any CPU
		{846BC07E-2618-4424-945C-230B39CFCEE3}.Debug|Any CPU.Build.0 = Debug|Any CPU
		{846BC07E-2618-4424-945C-230B39CFCEE3}.Release|Any CPU.ActiveCfg = Release|Any CPU
		{846BC07E-2618-4424-945C-230B39CFCEE3}.Release|Any CPU.Build.0 = Release|Any CPU
		{794DF344-EDD6-4862-87DB-7FBE327612BF}.Debug|Any CPU.ActiveCfg = Debug|Any CPU
		{794DF344-EDD6-4862-87DB-7FBE327612BF}.Debug|Any CPU.Build.0 = Debug|Any CPU
		{794DF344-EDD6-4862-87DB-7FBE327612BF}.Release|Any CPU.ActiveCfg = Release|Any CPU
		{794DF344-EDD6-4862-87DB-7FBE327612BF}.Release|Any CPU.Build.0 = Release|Any CPU
		{B3428C0B-F751-452F-811D-01378B1E71B3}.Debug|Any CPU.ActiveCfg = Debug|Any CPU
		{B3428C0B-F751-452F-811D-01378B1E71B3}.Debug|Any CPU.Build.0 = Debug|Any CPU
		{B3428C0B-F751-452F-811D-01378B1E71B3}.Release|Any CPU.ActiveCfg = Release|Any CPU
		{B3428C0B-F751-452F-811D-01378B1E71B3}.Release|Any CPU.Build.0 = Release|Any CPU
		{74641AB3-4070-4501-A8B1-A0F0FC879559}.Debug|Any CPU.ActiveCfg = Debug|Any CPU
		{74641AB3-4070-4501-A8B1-A0F0FC879559}.Debug|Any CPU.Build.0 = Debug|Any CPU
		{74641AB3-4070-4501-A8B1-A0F0FC879559}.Release|Any CPU.ActiveCfg = Release|Any CPU
		{74641AB3-4070-4501-A8B1-A0F0FC879559}.Release|Any CPU.Build.0 = Release|Any CPU
		{11132E2C-A54E-4D8E-87D9-25D4CF3BED96}.Debug|Any CPU.ActiveCfg = Debug|Any CPU
		{11132E2C-A54E-4D8E-87D9-25D4CF3BED96}.Debug|Any CPU.Build.0 = Debug|Any CPU
		{11132E2C-A54E-4D8E-87D9-25D4CF3BED96}.Release|Any CPU.ActiveCfg = Release|Any CPU
		{11132E2C-A54E-4D8E-87D9-25D4CF3BED96}.Release|Any CPU.Build.0 = Release|Any CPU
	EndGlobalSection
	GlobalSection(NestedProjects) = preSolution
		{A5F1E6DC-81B3-4413-A4C3-B41C195228E7} = {57FC91DB-8F24-489E-A2D6-7DDD220AE9CC}
		{154D0338-AEC6-40BC-B8BD-6A28DD132AFE} = {A5F1E6DC-81B3-4413-A4C3-B41C195228E7}
		{0A6FE0D2-382D-446D-8025-13C5E1E24C9B} = {A5F1E6DC-81B3-4413-A4C3-B41C195228E7}
		{A117C29F-F1BC-4CE6-A586-8FAF942C3803} = {0A6FE0D2-382D-446D-8025-13C5E1E24C9B}
		{14CDD979-36D5-4A61-95EB-09DE00FC0583} = {A5F1E6DC-81B3-4413-A4C3-B41C195228E7}
		{0E91C23E-2617-4447-9F67-DC085E10701D} = {14CDD979-36D5-4A61-95EB-09DE00FC0583}
		{B09D4FB5-A44F-4956-BE40-61279C0E2C42} = {57FC91DB-8F24-489E-A2D6-7DDD220AE9CC}
		{172A0690-1165-46CE-B37E-59FED276CDC0} = {B09D4FB5-A44F-4956-BE40-61279C0E2C42}
		{846BC07E-2618-4424-945C-230B39CFCEE3} = {B09D4FB5-A44F-4956-BE40-61279C0E2C42}
		{794DF344-EDD6-4862-87DB-7FBE327612BF} = {B09D4FB5-A44F-4956-BE40-61279C0E2C42}
		{8A26309C-9C15-443A-B547-41B41B30B934} = {57FC91DB-8F24-489E-A2D6-7DDD220AE9CC}
		{C769DCDB-29A9-45BD-A62D-6787716E8E39} = {8A26309C-9C15-443A-B547-41B41B30B934}
		{B3428C0B-F751-452F-811D-01378B1E71B3} = {C769DCDB-29A9-45BD-A62D-6787716E8E39}
		{A08CD5CF-F4E9-457F-94EB-4CBB170638B1} = {8A26309C-9C15-443A-B547-41B41B30B934}
		{74641AB3-4070-4501-A8B1-A0F0FC879559} = {A08CD5CF-F4E9-457F-94EB-4CBB170638B1}
	EndGlobalSection
EndGlobal
